// !$*UTF8*$!
{
	archiveVersion = 1;
	classes = {
	};
	objectVersion = 50;
	objects = {

/* Begin PBXBuildFile section */
		4B656C8ACFDE34B6EEDB5562 /* Pods_Moving.framework in Frameworks */ = {isa = PBXBuildFile; fileRef = 8E5BC472D30D6D78E02FEA2A /* Pods_Moving.framework */; };
		5E9B7EA7D2BB1ECBFEEBE862 /* Pods_MovingTests.framework in Frameworks */ = {isa = PBXBuildFile; fileRef = 31ACFB802287F17D6AABFAAC /* Pods_MovingTests.framework */; };
		691152D821905534002EB6AA /* ListCellModel.swift in Sources */ = {isa = PBXBuildFile; fileRef = 691152D721905534002EB6AA /* ListCellModel.swift */; };
		691152DC2190579A002EB6AA /* ActionCellModel.swift in Sources */ = {isa = PBXBuildFile; fileRef = 691152DB2190579A002EB6AA /* ActionCellModel.swift */; };
		691152DE21906E3A002EB6AA /* ScoreCellModel.swift in Sources */ = {isa = PBXBuildFile; fileRef = 691152DD21906E3A002EB6AA /* ScoreCellModel.swift */; };
		691152E021907130002EB6AA /* SettingCellModel.swift in Sources */ = {isa = PBXBuildFile; fileRef = 691152DF21907130002EB6AA /* SettingCellModel.swift */; };
		691152E32190794F002EB6AA /* SettingSwitchCellModel.swift in Sources */ = {isa = PBXBuildFile; fileRef = 691152E22190794F002EB6AA /* SettingSwitchCellModel.swift */; };
		6917E037215B826C00C0A743 /* SummaryVC.swift in Sources */ = {isa = PBXBuildFile; fileRef = 6917E036215B826C00C0A743 /* SummaryVC.swift */; };
		6917E03C215BAD3A00C0A743 /* ScoreVC.swift in Sources */ = {isa = PBXBuildFile; fileRef = 6917E03B215BAD3A00C0A743 /* ScoreVC.swift */; };
		6917E03F215BB41800C0A743 /* ScoreCell.swift in Sources */ = {isa = PBXBuildFile; fileRef = 6917E03E215BB41800C0A743 /* ScoreCell.swift */; };
		6917E041215BB55400C0A743 /* ScoreModel.swift in Sources */ = {isa = PBXBuildFile; fileRef = 6917E040215BB55400C0A743 /* ScoreModel.swift */; };
		6917E044215C837C00C0A743 /* SummaryModel.swift in Sources */ = {isa = PBXBuildFile; fileRef = 6917E043215C837C00C0A743 /* SummaryModel.swift */; };
		6917E046215CE27400C0A743 /* RealmService.swift in Sources */ = {isa = PBXBuildFile; fileRef = 6917E045215CE27400C0A743 /* RealmService.swift */; };
		6917E04B215CE6EF00C0A743 /* Summary1Cell.swift in Sources */ = {isa = PBXBuildFile; fileRef = 6917E049215CE6EF00C0A743 /* Summary1Cell.swift */; };
		6917E04C215CE6EF00C0A743 /* Summary1Cell.xib in Resources */ = {isa = PBXBuildFile; fileRef = 6917E04A215CE6EF00C0A743 /* Summary1Cell.xib */; };
		6917E051215CE8F800C0A743 /* Summary2Cell.swift in Sources */ = {isa = PBXBuildFile; fileRef = 6917E04F215CE8F800C0A743 /* Summary2Cell.swift */; };
		6917E052215CE8F800C0A743 /* Summary2Cell.xib in Resources */ = {isa = PBXBuildFile; fileRef = 6917E050215CE8F800C0A743 /* Summary2Cell.xib */; };
		69255A3521737C57005929AB /* Wate.wav in Resources */ = {isa = PBXBuildFile; fileRef = 69255A3421737C57005929AB /* Wate.wav */; };
		69256152215375B800531F5B /* ListVC.swift in Sources */ = {isa = PBXBuildFile; fileRef = 69256151215375B800531F5B /* ListVC.swift */; };
		692561542153766700531F5B /* TabBarVC.swift in Sources */ = {isa = PBXBuildFile; fileRef = 692561532153766700531F5B /* TabBarVC.swift */; };
		6934D9A22163041B00B48802 /* FitnessCellModel.swift in Sources */ = {isa = PBXBuildFile; fileRef = 6934D9A12163041B00B48802 /* FitnessCellModel.swift */; };
		693841F12161D4EF0017D2E9 /* SettingSwitchCell.swift in Sources */ = {isa = PBXBuildFile; fileRef = 693841EF2161D4EF0017D2E9 /* SettingSwitchCell.swift */; };
		693841F22161D4EF0017D2E9 /* SettingSwitchCell.xib in Resources */ = {isa = PBXBuildFile; fileRef = 693841F02161D4EF0017D2E9 /* SettingSwitchCell.xib */; };
		693841F42161D7FD0017D2E9 /* SettingSwitchModel.swift in Sources */ = {isa = PBXBuildFile; fileRef = 693841F32161D7FD0017D2E9 /* SettingSwitchModel.swift */; };
		6941AF89216364C700A0D0B8 /* UIView+Extension.swift in Sources */ = {isa = PBXBuildFile; fileRef = 6941AF88216364C700A0D0B8 /* UIView+Extension.swift */; };
		694776D321534CC400141CB7 /* FitnessCell.swift in Sources */ = {isa = PBXBuildFile; fileRef = 694776D221534CC400141CB7 /* FitnessCell.swift */; };
		694776DC2153519B00141CB7 /* FitnessCategory.swift in Sources */ = {isa = PBXBuildFile; fileRef = 694776DB2153519B00141CB7 /* FitnessCategory.swift */; };
		694776DE2153540E00141CB7 /* Database.swift in Sources */ = {isa = PBXBuildFile; fileRef = 694776DD2153540E00141CB7 /* Database.swift */; };
		69487C7F218AA02C00155836 /* NotificationAuthProtocol.swift in Sources */ = {isa = PBXBuildFile; fileRef = 69487C7E218AA02C00155836 /* NotificationAuthProtocol.swift */; };
		694F2BEF218AB58C0010D787 /* SwipeGestureProtocol.swift in Sources */ = {isa = PBXBuildFile; fileRef = 694F2BEE218AB58C0010D787 /* SwipeGestureProtocol.swift */; };
		695E1F03215DFD70003B297E /* FitnessNavigationController.swift in Sources */ = {isa = PBXBuildFile; fileRef = 695E1F02215DFD70003B297E /* FitnessNavigationController.swift */; };
		696265D821538EA200C68282 /* ListCell.swift in Sources */ = {isa = PBXBuildFile; fileRef = 696265D721538EA200C68282 /* ListCell.swift */; };
		696265DA21538FD600C68282 /* ListModel.swift in Sources */ = {isa = PBXBuildFile; fileRef = 696265D921538FD600C68282 /* ListModel.swift */; };
		696265DC2154B22600C68282 /* ActionModel.swift in Sources */ = {isa = PBXBuildFile; fileRef = 696265DB2154B22600C68282 /* ActionModel.swift */; };
		696A2B5F217576CE0075EFDE /* green_circle.json in Resources */ = {isa = PBXBuildFile; fileRef = 696A2B5E217576CD0075EFDE /* green_circle.json */; };
		696A2B62217580120075EFDE /* Reachability.m in Sources */ = {isa = PBXBuildFile; fileRef = 696A2B61217580120075EFDE /* Reachability.m */; };
		696A2B652175DBEA0075EFDE /* BeforeNotificationVC.swift in Sources */ = {isa = PBXBuildFile; fileRef = 696A2B642175DBEA0075EFDE /* BeforeNotificationVC.swift */; };
		698C0135216E22FC004DC719 /* empty_box.json in Resources */ = {isa = PBXBuildFile; fileRef = 698C0134216E22FC004DC719 /* empty_box.json */; };
		698C013B216EE67C004DC719 /* GAManager.swift in Sources */ = {isa = PBXBuildFile; fileRef = 698C013A216EE67C004DC719 /* GAManager.swift */; };
		699660D32179B54E00A5E457 /* HealthKit.framework in Frameworks */ = {isa = PBXBuildFile; fileRef = 699660D22179B54E00A5E457 /* HealthKit.framework */; };
		69A47953217F09EE00B96208 /* UIViewController+Extension.swift in Sources */ = {isa = PBXBuildFile; fileRef = 69A47952217F09EE00B96208 /* UIViewController+Extension.swift */; };
		69A47955218072D700B96208 /* UITableVie+Extension.swift in Sources */ = {isa = PBXBuildFile; fileRef = 69A47954218072D700B96208 /* UITableVie+Extension.swift */; };
		69A479562181C4FD00B96208 /* Assets.xcassets in Resources */ = {isa = PBXBuildFile; fileRef = 69D37DF9215257EE00B8F1F9 /* Assets.xcassets */; };
		69BB972C2170DCAA00B2BDEB /* InformationVC.swift in Sources */ = {isa = PBXBuildFile; fileRef = 69BB972B2170DCAA00B2BDEB /* InformationVC.swift */; };
		69BB97382171CF2B00B2BDEB /* LaunchScreen.storyboard in Resources */ = {isa = PBXBuildFile; fileRef = 69BB97372171CF2A00B2BDEB /* LaunchScreen.storyboard */; };
		69BF387F21896103009BDD3C /* FitnessCategorytest.swift in Sources */ = {isa = PBXBuildFile; fileRef = 69BF387D21896102009BDD3C /* FitnessCategorytest.swift */; };
		69BF388021896103009BDD3C /* ActionModeltest.swift in Sources */ = {isa = PBXBuildFile; fileRef = 69BF387E21896103009BDD3C /* ActionModeltest.swift */; };
		69BF38862189611E009BDD3C /* SettingModeltest.swift in Sources */ = {isa = PBXBuildFile; fileRef = 69BF38812189611C009BDD3C /* SettingModeltest.swift */; };
		69BF38882189611E009BDD3C /* SettingSwitchModeltest.swift in Sources */ = {isa = PBXBuildFile; fileRef = 69BF38832189611D009BDD3C /* SettingSwitchModeltest.swift */; };
		69BF38892189611E009BDD3C /* ScoreModeltest.swift in Sources */ = {isa = PBXBuildFile; fileRef = 69BF38842189611D009BDD3C /* ScoreModeltest.swift */; };
		69BF388A2189611E009BDD3C /* ListModeltest.swift in Sources */ = {isa = PBXBuildFile; fileRef = 69BF38852189611E009BDD3C /* ListModeltest.swift */; };
		69C50BA52167184B00215B4E /* CellStatusEnum.swift in Sources */ = {isa = PBXBuildFile; fileRef = 69C50BA42167184B00215B4E /* CellStatusEnum.swift */; };
		69D2000021610AE40086D660 /* SettingVC.swift in Sources */ = {isa = PBXBuildFile; fileRef = 69D2FFFF21610AE40086D660 /* SettingVC.swift */; };
		69D2000321610B000086D660 /* SettingCell.swift in Sources */ = {isa = PBXBuildFile; fileRef = 69D2000121610B000086D660 /* SettingCell.swift */; };
		69D2000421610B000086D660 /* SettingCell.xib in Resources */ = {isa = PBXBuildFile; fileRef = 69D2000221610B000086D660 /* SettingCell.xib */; };
		69D2000721610B2F0086D660 /* SettingModel.swift in Sources */ = {isa = PBXBuildFile; fileRef = 69D2000621610B2F0086D660 /* SettingModel.swift */; };
		69D37DF3215257EC00B8F1F9 /* AppDelegate.swift in Sources */ = {isa = PBXBuildFile; fileRef = 69D37DF2215257EC00B8F1F9 /* AppDelegate.swift */; };
		69D37DF5215257EC00B8F1F9 /* FitnessVC.swift in Sources */ = {isa = PBXBuildFile; fileRef = 69D37DF4215257EC00B8F1F9 /* FitnessVC.swift */; };
		69D37DF8215257EC00B8F1F9 /* Main.storyboard in Resources */ = {isa = PBXBuildFile; fileRef = 69D37DF6215257EC00B8F1F9 /* Main.storyboard */; };
		69D48FC32154F76E00B92B85 /* ActionVC.swift in Sources */ = {isa = PBXBuildFile; fileRef = 69D48FC22154F76E00B92B85 /* ActionVC.swift */; };
		69D4AA5E2186EBF300A3F0E9 /* FullScreenViewController.swift in Sources */ = {isa = PBXBuildFile; fileRef = 69D4AA5D2186EBF300A3F0E9 /* FullScreenViewController.swift */; };
		69ED2E6F21551EE1003490E7 /* ActionCell.swift in Sources */ = {isa = PBXBuildFile; fileRef = 69ED2E6E21551EE1003490E7 /* ActionCell.swift */; };
		69ED4F08217457DF003B395A /* GoogleService-Info.plist in Resources */ = {isa = PBXBuildFile; fileRef = 69BB972D2171C03000B2BDEB /* GoogleService-Info.plist */; };
		69EF81D7216227A200AB3591 /* NotificationVC.swift in Sources */ = {isa = PBXBuildFile; fileRef = 69EF81D6216227A200AB3591 /* NotificationVC.swift */; };
/* End PBXBuildFile section */

/* Begin PBXContainerItemProxy section */
		69E4291D2188218A00079658 /* PBXContainerItemProxy */ = {
			isa = PBXContainerItemProxy;
			containerPortal = 69D37DE7215257EC00B8F1F9 /* Project object */;
			proxyType = 1;
			remoteGlobalIDString = 69D37DEE215257EC00B8F1F9;
			remoteInfo = Moving;
		};
/* End PBXContainerItemProxy section */

/* Begin PBXFileReference section */
		250E0FCBE387D7868E3002C3 /* Pods-Moving.release.xcconfig */ = {isa = PBXFileReference; includeInIndex = 1; lastKnownFileType = text.xcconfig; name = "Pods-Moving.release.xcconfig"; path = "Pods/Target Support Files/Pods-Moving/Pods-Moving.release.xcconfig"; sourceTree = "<group>"; };
		31ACFB802287F17D6AABFAAC /* Pods_MovingTests.framework */ = {isa = PBXFileReference; explicitFileType = wrapper.framework; includeInIndex = 0; path = Pods_MovingTests.framework; sourceTree = BUILT_PRODUCTS_DIR; };
		5FA0A242737D5157D7D822BF /* Pods-MovingTests.release.xcconfig */ = {isa = PBXFileReference; includeInIndex = 1; lastKnownFileType = text.xcconfig; name = "Pods-MovingTests.release.xcconfig"; path = "Pods/Target Support Files/Pods-MovingTests/Pods-MovingTests.release.xcconfig"; sourceTree = "<group>"; };
		691152D721905534002EB6AA /* ListCellModel.swift */ = {isa = PBXFileReference; lastKnownFileType = sourcecode.swift; path = ListCellModel.swift; sourceTree = "<group>"; };
		691152DB2190579A002EB6AA /* ActionCellModel.swift */ = {isa = PBXFileReference; lastKnownFileType = sourcecode.swift; path = ActionCellModel.swift; sourceTree = "<group>"; };
		691152DD21906E3A002EB6AA /* ScoreCellModel.swift */ = {isa = PBXFileReference; lastKnownFileType = sourcecode.swift; path = ScoreCellModel.swift; sourceTree = "<group>"; };
		691152DF21907130002EB6AA /* SettingCellModel.swift */ = {isa = PBXFileReference; lastKnownFileType = sourcecode.swift; path = SettingCellModel.swift; sourceTree = "<group>"; };
		691152E22190794F002EB6AA /* SettingSwitchCellModel.swift */ = {isa = PBXFileReference; lastKnownFileType = sourcecode.swift; path = SettingSwitchCellModel.swift; sourceTree = "<group>"; };
		6917E036215B826C00C0A743 /* SummaryVC.swift */ = {isa = PBXFileReference; lastKnownFileType = sourcecode.swift; path = SummaryVC.swift; sourceTree = "<group>"; };
		6917E03B215BAD3A00C0A743 /* ScoreVC.swift */ = {isa = PBXFileReference; lastKnownFileType = sourcecode.swift; path = ScoreVC.swift; sourceTree = "<group>"; };
		6917E03E215BB41800C0A743 /* ScoreCell.swift */ = {isa = PBXFileReference; lastKnownFileType = sourcecode.swift; path = ScoreCell.swift; sourceTree = "<group>"; };
		6917E040215BB55400C0A743 /* ScoreModel.swift */ = {isa = PBXFileReference; lastKnownFileType = sourcecode.swift; path = ScoreModel.swift; sourceTree = "<group>"; };
		6917E043215C837C00C0A743 /* SummaryModel.swift */ = {isa = PBXFileReference; lastKnownFileType = sourcecode.swift; path = SummaryModel.swift; sourceTree = "<group>"; };
		6917E045215CE27400C0A743 /* RealmService.swift */ = {isa = PBXFileReference; lastKnownFileType = sourcecode.swift; path = RealmService.swift; sourceTree = "<group>"; };
		6917E049215CE6EF00C0A743 /* Summary1Cell.swift */ = {isa = PBXFileReference; lastKnownFileType = sourcecode.swift; path = Summary1Cell.swift; sourceTree = "<group>"; };
		6917E04A215CE6EF00C0A743 /* Summary1Cell.xib */ = {isa = PBXFileReference; lastKnownFileType = file.xib; path = Summary1Cell.xib; sourceTree = "<group>"; };
		6917E04F215CE8F800C0A743 /* Summary2Cell.swift */ = {isa = PBXFileReference; lastKnownFileType = sourcecode.swift; path = Summary2Cell.swift; sourceTree = "<group>"; };
		6917E050215CE8F800C0A743 /* Summary2Cell.xib */ = {isa = PBXFileReference; lastKnownFileType = file.xib; path = Summary2Cell.xib; sourceTree = "<group>"; };
		69255A3421737C57005929AB /* Wate.wav */ = {isa = PBXFileReference; lastKnownFileType = audio.wav; path = Wate.wav; sourceTree = "<group>"; };
		69256151215375B800531F5B /* ListVC.swift */ = {isa = PBXFileReference; lastKnownFileType = sourcecode.swift; path = ListVC.swift; sourceTree = "<group>"; };
		692561532153766700531F5B /* TabBarVC.swift */ = {isa = PBXFileReference; lastKnownFileType = sourcecode.swift; path = TabBarVC.swift; sourceTree = "<group>"; };
		6934D9A12163041B00B48802 /* FitnessCellModel.swift */ = {isa = PBXFileReference; lastKnownFileType = sourcecode.swift; path = FitnessCellModel.swift; sourceTree = "<group>"; };
		693841EF2161D4EF0017D2E9 /* SettingSwitchCell.swift */ = {isa = PBXFileReference; lastKnownFileType = sourcecode.swift; path = SettingSwitchCell.swift; sourceTree = "<group>"; };
		693841F02161D4EF0017D2E9 /* SettingSwitchCell.xib */ = {isa = PBXFileReference; lastKnownFileType = file.xib; path = SettingSwitchCell.xib; sourceTree = "<group>"; };
		693841F32161D7FD0017D2E9 /* SettingSwitchModel.swift */ = {isa = PBXFileReference; lastKnownFileType = sourcecode.swift; path = SettingSwitchModel.swift; sourceTree = "<group>"; };
		693F3923217894F000429019 /* Moving.entitlements */ = {isa = PBXFileReference; lastKnownFileType = text.plist.entitlements; path = Moving.entitlements; sourceTree = "<group>"; };
		6941AF88216364C700A0D0B8 /* UIView+Extension.swift */ = {isa = PBXFileReference; lastKnownFileType = sourcecode.swift; path = "UIView+Extension.swift"; sourceTree = "<group>"; };
		694776D221534CC400141CB7 /* FitnessCell.swift */ = {isa = PBXFileReference; lastKnownFileType = sourcecode.swift; path = FitnessCell.swift; sourceTree = "<group>"; };
		694776DB2153519B00141CB7 /* FitnessCategory.swift */ = {isa = PBXFileReference; lastKnownFileType = sourcecode.swift; path = FitnessCategory.swift; sourceTree = "<group>"; };
		694776DD2153540E00141CB7 /* Database.swift */ = {isa = PBXFileReference; lastKnownFileType = sourcecode.swift; path = Database.swift; sourceTree = "<group>"; };
		69487C7E218AA02C00155836 /* NotificationAuthProtocol.swift */ = {isa = PBXFileReference; lastKnownFileType = sourcecode.swift; path = NotificationAuthProtocol.swift; sourceTree = "<group>"; };
		694F2BEE218AB58C0010D787 /* SwipeGestureProtocol.swift */ = {isa = PBXFileReference; lastKnownFileType = sourcecode.swift; path = SwipeGestureProtocol.swift; sourceTree = "<group>"; };
		695E1F02215DFD70003B297E /* FitnessNavigationController.swift */ = {isa = PBXFileReference; lastKnownFileType = sourcecode.swift; path = FitnessNavigationController.swift; sourceTree = "<group>"; };
		696265D721538EA200C68282 /* ListCell.swift */ = {isa = PBXFileReference; lastKnownFileType = sourcecode.swift; path = ListCell.swift; sourceTree = "<group>"; };
		696265D921538FD600C68282 /* ListModel.swift */ = {isa = PBXFileReference; lastKnownFileType = sourcecode.swift; path = ListModel.swift; sourceTree = "<group>"; };
		696265DB2154B22600C68282 /* ActionModel.swift */ = {isa = PBXFileReference; lastKnownFileType = sourcecode.swift; path = ActionModel.swift; sourceTree = "<group>"; };
		696A2B5E217576CD0075EFDE /* green_circle.json */ = {isa = PBXFileReference; fileEncoding = 4; lastKnownFileType = text.json; path = green_circle.json; sourceTree = "<group>"; };
		696A2B60217580120075EFDE /* Reachability.h */ = {isa = PBXFileReference; fileEncoding = 4; lastKnownFileType = sourcecode.c.h; path = Reachability.h; sourceTree = "<group>"; };
		696A2B61217580120075EFDE /* Reachability.m */ = {isa = PBXFileReference; fileEncoding = 4; lastKnownFileType = sourcecode.c.objc; path = Reachability.m; sourceTree = "<group>"; };
		696A2B642175DBEA0075EFDE /* BeforeNotificationVC.swift */ = {isa = PBXFileReference; lastKnownFileType = sourcecode.swift; path = BeforeNotificationVC.swift; sourceTree = "<group>"; };
		698C0134216E22FC004DC719 /* empty_box.json */ = {isa = PBXFileReference; fileEncoding = 4; lastKnownFileType = text.json; path = empty_box.json; sourceTree = "<group>"; };
		698C0139216EDE94004DC719 /* Header.h */ = {isa = PBXFileReference; lastKnownFileType = sourcecode.c.h; path = Header.h; sourceTree = "<group>"; };
		698C013A216EE67C004DC719 /* GAManager.swift */ = {isa = PBXFileReference; lastKnownFileType = sourcecode.swift; path = GAManager.swift; sourceTree = "<group>"; };
		699660D22179B54E00A5E457 /* HealthKit.framework */ = {isa = PBXFileReference; lastKnownFileType = wrapper.framework; name = HealthKit.framework; path = System/Library/Frameworks/HealthKit.framework; sourceTree = SDKROOT; };
		69A47952217F09EE00B96208 /* UIViewController+Extension.swift */ = {isa = PBXFileReference; lastKnownFileType = sourcecode.swift; path = "UIViewController+Extension.swift"; sourceTree = "<group>"; };
		69A47954218072D700B96208 /* UITableVie+Extension.swift */ = {isa = PBXFileReference; lastKnownFileType = sourcecode.swift; path = "UITableVie+Extension.swift"; sourceTree = "<group>"; };
		69BB972B2170DCAA00B2BDEB /* InformationVC.swift */ = {isa = PBXFileReference; lastKnownFileType = sourcecode.swift; path = InformationVC.swift; sourceTree = "<group>"; };
		69BB972D2171C03000B2BDEB /* GoogleService-Info.plist */ = {isa = PBXFileReference; fileEncoding = 4; lastKnownFileType = text.plist.xml; path = "GoogleService-Info.plist"; sourceTree = "<group>"; };
		69BB97372171CF2A00B2BDEB /* LaunchScreen.storyboard */ = {isa = PBXFileReference; fileEncoding = 4; lastKnownFileType = file.storyboard; path = LaunchScreen.storyboard; sourceTree = "<group>"; };
		69BF387D21896102009BDD3C /* FitnessCategorytest.swift */ = {isa = PBXFileReference; fileEncoding = 4; lastKnownFileType = sourcecode.swift; path = FitnessCategorytest.swift; sourceTree = "<group>"; };
		69BF387E21896103009BDD3C /* ActionModeltest.swift */ = {isa = PBXFileReference; fileEncoding = 4; lastKnownFileType = sourcecode.swift; path = ActionModeltest.swift; sourceTree = "<group>"; };
		69BF38812189611C009BDD3C /* SettingModeltest.swift */ = {isa = PBXFileReference; fileEncoding = 4; lastKnownFileType = sourcecode.swift; path = SettingModeltest.swift; sourceTree = "<group>"; };
		69BF38832189611D009BDD3C /* SettingSwitchModeltest.swift */ = {isa = PBXFileReference; fileEncoding = 4; lastKnownFileType = sourcecode.swift; path = SettingSwitchModeltest.swift; sourceTree = "<group>"; };
		69BF38842189611D009BDD3C /* ScoreModeltest.swift */ = {isa = PBXFileReference; fileEncoding = 4; lastKnownFileType = sourcecode.swift; path = ScoreModeltest.swift; sourceTree = "<group>"; };
		69BF38852189611E009BDD3C /* ListModeltest.swift */ = {isa = PBXFileReference; fileEncoding = 4; lastKnownFileType = sourcecode.swift; path = ListModeltest.swift; sourceTree = "<group>"; };
		69C50BA42167184B00215B4E /* CellStatusEnum.swift */ = {isa = PBXFileReference; lastKnownFileType = sourcecode.swift; path = CellStatusEnum.swift; sourceTree = "<group>"; };
		69D2000121610B000086D660 /* SettingCell.swift */ = {isa = PBXFileReference; lastKnownFileType = sourcecode.swift; path = SettingCell.swift; sourceTree = "<group>"; };
		69D2000221610B000086D660 /* SettingCell.xib */ = {isa = PBXFileReference; lastKnownFileType = file.xib; path = SettingCell.xib; sourceTree = "<group>"; };
		69D2000621610B2F0086D660 /* SettingModel.swift */ = {isa = PBXFileReference; lastKnownFileType = sourcecode.swift; path = SettingModel.swift; sourceTree = "<group>"; };
		69D2FFFF21610AE40086D660 /* SettingVC.swift */ = {isa = PBXFileReference; lastKnownFileType = sourcecode.swift; path = SettingVC.swift; sourceTree = "<group>"; };
		69D37DEF215257EC00B8F1F9 /* Moving.app */ = {isa = PBXFileReference; explicitFileType = wrapper.application; includeInIndex = 0; path = Moving.app; sourceTree = BUILT_PRODUCTS_DIR; };
		69D37DF2215257EC00B8F1F9 /* AppDelegate.swift */ = {isa = PBXFileReference; lastKnownFileType = sourcecode.swift; path = AppDelegate.swift; sourceTree = "<group>"; };
		69D37DF4215257EC00B8F1F9 /* FitnessVC.swift */ = {isa = PBXFileReference; lastKnownFileType = sourcecode.swift; path = FitnessVC.swift; sourceTree = "<group>"; };
		69D37DF7215257EC00B8F1F9 /* Base */ = {isa = PBXFileReference; lastKnownFileType = file.storyboard; name = Base; path = Base.lproj/Main.storyboard; sourceTree = "<group>"; };
		69D37DF9215257EE00B8F1F9 /* Assets.xcassets */ = {isa = PBXFileReference; lastKnownFileType = folder.assetcatalog; path = Assets.xcassets; sourceTree = "<group>"; };
		69D37DFE215257EE00B8F1F9 /* Info.plist */ = {isa = PBXFileReference; lastKnownFileType = text.plist.xml; path = Info.plist; sourceTree = "<group>"; };
		69D48FC22154F76E00B92B85 /* ActionVC.swift */ = {isa = PBXFileReference; lastKnownFileType = sourcecode.swift; path = ActionVC.swift; sourceTree = "<group>"; };
		69D4AA5D2186EBF300A3F0E9 /* FullScreenViewController.swift */ = {isa = PBXFileReference; lastKnownFileType = sourcecode.swift; path = FullScreenViewController.swift; sourceTree = "<group>"; };
		69E429182188218A00079658 /* MovingTests.xctest */ = {isa = PBXFileReference; explicitFileType = wrapper.cfbundle; includeInIndex = 0; path = MovingTests.xctest; sourceTree = BUILT_PRODUCTS_DIR; };
		69E4291C2188218A00079658 /* Info.plist */ = {isa = PBXFileReference; lastKnownFileType = text.plist.xml; path = Info.plist; sourceTree = "<group>"; };
		69ED2E6E21551EE1003490E7 /* ActionCell.swift */ = {isa = PBXFileReference; lastKnownFileType = sourcecode.swift; path = ActionCell.swift; sourceTree = "<group>"; };
		69EF81D6216227A200AB3591 /* NotificationVC.swift */ = {isa = PBXFileReference; lastKnownFileType = sourcecode.swift; path = NotificationVC.swift; sourceTree = "<group>"; };
		74498F6528744DF3D21F14AB /* Pods_Fitness_Lab.framework */ = {isa = PBXFileReference; explicitFileType = wrapper.framework; includeInIndex = 0; path = Pods_Fitness_Lab.framework; sourceTree = BUILT_PRODUCTS_DIR; };
		7B0DC18DE223C5FD8DE85563 /* Pods-Moving.debug.xcconfig */ = {isa = PBXFileReference; includeInIndex = 1; lastKnownFileType = text.xcconfig; name = "Pods-Moving.debug.xcconfig"; path = "Pods/Target Support Files/Pods-Moving/Pods-Moving.debug.xcconfig"; sourceTree = "<group>"; };
		8E5BC472D30D6D78E02FEA2A /* Pods_Moving.framework */ = {isa = PBXFileReference; explicitFileType = wrapper.framework; includeInIndex = 0; path = Pods_Moving.framework; sourceTree = BUILT_PRODUCTS_DIR; };
		DBF24AF53A2536B58E1C4A93 /* Pods-MovingTests.debug.xcconfig */ = {isa = PBXFileReference; includeInIndex = 1; lastKnownFileType = text.xcconfig; name = "Pods-MovingTests.debug.xcconfig"; path = "Pods/Target Support Files/Pods-MovingTests/Pods-MovingTests.debug.xcconfig"; sourceTree = "<group>"; };
/* End PBXFileReference section */

/* Begin PBXFrameworksBuildPhase section */
		69D37DEC215257EC00B8F1F9 /* Frameworks */ = {
			isa = PBXFrameworksBuildPhase;
			buildActionMask = 2147483647;
			files = (
				4B656C8ACFDE34B6EEDB5562 /* Pods_Moving.framework in Frameworks */,
				699660D32179B54E00A5E457 /* HealthKit.framework in Frameworks */,
			);
			runOnlyForDeploymentPostprocessing = 0;
		};
		69E429152188218A00079658 /* Frameworks */ = {
			isa = PBXFrameworksBuildPhase;
			buildActionMask = 2147483647;
			files = (
				5E9B7EA7D2BB1ECBFEEBE862 /* Pods_MovingTests.framework in Frameworks */,
			);
			runOnlyForDeploymentPostprocessing = 0;
		};
/* End PBXFrameworksBuildPhase section */

/* Begin PBXGroup section */
		691152D92190575E002EB6AA /* ViewModel */ = {
			isa = PBXGroup;
			children = (
				6934D9A12163041B00B48802 /* FitnessCellModel.swift */,
				691152D721905534002EB6AA /* ListCellModel.swift */,
				691152DB2190579A002EB6AA /* ActionCellModel.swift */,
				691152DD21906E3A002EB6AA /* ScoreCellModel.swift */,
				691152DF21907130002EB6AA /* SettingCellModel.swift */,
				691152E22190794F002EB6AA /* SettingSwitchCellModel.swift */,
			);
			path = ViewModel;
			sourceTree = "<group>";
		};
		69255A3321737C47005929AB /* CueTone */ = {
			isa = PBXGroup;
			children = (
				69255A3421737C57005929AB /* Wate.wav */,
			);
			path = CueTone;
			sourceTree = "<group>";
		};
		6925614E2153753400531F5B /* storyboard */ = {
			isa = PBXGroup;
			children = (
				69D37DF6215257EC00B8F1F9 /* Main.storyboard */,
			);
			path = storyboard;
			sourceTree = "<group>";
		};
		6941AF87216364AF00A0D0B8 /* Extension */ = {
			isa = PBXGroup;
			children = (
				6941AF88216364C700A0D0B8 /* UIView+Extension.swift */,
				69C50BA42167184B00215B4E /* CellStatusEnum.swift */,
				69A47952217F09EE00B96208 /* UIViewController+Extension.swift */,
				69A47954218072D700B96208 /* UITableVie+Extension.swift */,
			);
			path = Extension;
			sourceTree = "<group>";
		};
		694776D8215350A400141CB7 /* Services */ = {
			isa = PBXGroup;
			children = (
				694776DD2153540E00141CB7 /* Database.swift */,
				6917E045215CE27400C0A743 /* RealmService.swift */,
			);
			path = Services;
			sourceTree = "<group>";
		};
		698C0136216E2308004DC719 /* Lottie */ = {
			isa = PBXGroup;
			children = (
				696A2B5E217576CD0075EFDE /* green_circle.json */,
				698C0134216E22FC004DC719 /* empty_box.json */,
			);
			path = Lottie;
			sourceTree = "<group>";
		};
		699DC78E21870CD800059537 /* FullScreen */ = {
			isa = PBXGroup;
			children = (
				69D4AA5D2186EBF300A3F0E9 /* FullScreenViewController.swift */,
			);
			path = FullScreen;
			sourceTree = "<group>";
		};
		69D37DE6215257EC00B8F1F9 = {
			isa = PBXGroup;
			children = (
				693F3923217894F000429019 /* Moving.entitlements */,
				69D37DF1215257EC00B8F1F9 /* Fitness-Lab */,
				69E429192188218A00079658 /* MovingTests */,
				69D37DF0215257EC00B8F1F9 /* Products */,
				CF6FBBC4E87CFDB11387E47E /* Pods */,
				C17F3573511760EFA1D4FEF7 /* Frameworks */,
			);
			sourceTree = "<group>";
		};
		69D37DF0215257EC00B8F1F9 /* Products */ = {
			isa = PBXGroup;
			children = (
				69D37DEF215257EC00B8F1F9 /* Moving.app */,
				69E429182188218A00079658 /* MovingTests.xctest */,
			);
			name = Products;
			sourceTree = "<group>";
		};
		69D37DF1215257EC00B8F1F9 /* Fitness-Lab */ = {
			isa = PBXGroup;
			children = (
				69F9C1F721944E7C006A9B63 /* Protocol */,
				699DC78E21870CD800059537 /* FullScreen */,
				69255A3321737C47005929AB /* CueTone */,
				698C0136216E2308004DC719 /* Lottie */,
				6941AF87216364AF00A0D0B8 /* Extension */,
				6925614E2153753400531F5B /* storyboard */,
				694776D8215350A400141CB7 /* Services */,
				69D37E0821525AFE00B8F1F9 /* Model */,
				69D37E0721525AFA00B8F1F9 /* View */,
				69D37E0621525AF100B8F1F9 /* ViewController */,
				69D37DF2215257EC00B8F1F9 /* AppDelegate.swift */,
				698C013A216EE67C004DC719 /* GAManager.swift */,
				69D37DF9215257EE00B8F1F9 /* Assets.xcassets */,
				69D37DFE215257EE00B8F1F9 /* Info.plist */,
				69BB972D2171C03000B2BDEB /* GoogleService-Info.plist */,
				69BB97372171CF2A00B2BDEB /* LaunchScreen.storyboard */,
				696A2B60217580120075EFDE /* Reachability.h */,
				696A2B61217580120075EFDE /* Reachability.m */,
				698C0139216EDE94004DC719 /* Header.h */,
			);
			path = "Fitness-Lab";
			sourceTree = "<group>";
		};
		69D37E0621525AF100B8F1F9 /* ViewController */ = {
			isa = PBXGroup;
			children = (
				69D37DF4215257EC00B8F1F9 /* FitnessVC.swift */,
				69256151215375B800531F5B /* ListVC.swift */,
				69D48FC22154F76E00B92B85 /* ActionVC.swift */,
				6917E03B215BAD3A00C0A743 /* ScoreVC.swift */,
				6917E036215B826C00C0A743 /* SummaryVC.swift */,
				69D2FFFF21610AE40086D660 /* SettingVC.swift */,
				692561532153766700531F5B /* TabBarVC.swift */,
				695E1F02215DFD70003B297E /* FitnessNavigationController.swift */,
				69EF81D6216227A200AB3591 /* NotificationVC.swift */,
				69BB972B2170DCAA00B2BDEB /* InformationVC.swift */,
				696A2B642175DBEA0075EFDE /* BeforeNotificationVC.swift */,
			);
			path = ViewController;
			sourceTree = "<group>";
		};
		69D37E0721525AFA00B8F1F9 /* View */ = {
			isa = PBXGroup;
			children = (
				691152D92190575E002EB6AA /* ViewModel */,
				694776D221534CC400141CB7 /* FitnessCell.swift */,
				696265D721538EA200C68282 /* ListCell.swift */,
				69ED2E6E21551EE1003490E7 /* ActionCell.swift */,
				6917E03E215BB41800C0A743 /* ScoreCell.swift */,
				6917E049215CE6EF00C0A743 /* Summary1Cell.swift */,
				6917E04A215CE6EF00C0A743 /* Summary1Cell.xib */,
				6917E04F215CE8F800C0A743 /* Summary2Cell.swift */,
				6917E050215CE8F800C0A743 /* Summary2Cell.xib */,
				69D2000121610B000086D660 /* SettingCell.swift */,
				69D2000221610B000086D660 /* SettingCell.xib */,
				693841EF2161D4EF0017D2E9 /* SettingSwitchCell.swift */,
				693841F02161D4EF0017D2E9 /* SettingSwitchCell.xib */,
			);
			path = View;
			sourceTree = "<group>";
		};
		69D37E0821525AFE00B8F1F9 /* Model */ = {
			isa = PBXGroup;
			children = (
				694776DB2153519B00141CB7 /* FitnessCategory.swift */,
				696265D921538FD600C68282 /* ListModel.swift */,
				696265DB2154B22600C68282 /* ActionModel.swift */,
				6917E040215BB55400C0A743 /* ScoreModel.swift */,
				69D2000621610B2F0086D660 /* SettingModel.swift */,
				693841F32161D7FD0017D2E9 /* SettingSwitchModel.swift */,
				6917E043215C837C00C0A743 /* SummaryModel.swift */,
			);
			path = Model;
			sourceTree = "<group>";
		};
		69E429192188218A00079658 /* MovingTests */ = {
			isa = PBXGroup;
			children = (
				69BF387D21896102009BDD3C /* FitnessCategorytest.swift */,
				69BF38852189611E009BDD3C /* ListModeltest.swift */,
				69BF387E21896103009BDD3C /* ActionModeltest.swift */,
				69BF38842189611D009BDD3C /* ScoreModeltest.swift */,
				69BF38812189611C009BDD3C /* SettingModeltest.swift */,
				69BF38832189611D009BDD3C /* SettingSwitchModeltest.swift */,
				69E4291C2188218A00079658 /* Info.plist */,
			);
			path = MovingTests;
			sourceTree = "<group>";
		};
		69F9C1F721944E7C006A9B63 /* Protocol */ = {
			isa = PBXGroup;
			children = (
				69487C7E218AA02C00155836 /* NotificationAuthProtocol.swift */,
				694F2BEE218AB58C0010D787 /* SwipeGestureProtocol.swift */,
			);
			path = Protocol;
			sourceTree = "<group>";
		};
		C17F3573511760EFA1D4FEF7 /* Frameworks */ = {
			isa = PBXGroup;
			children = (
				699660D22179B54E00A5E457 /* HealthKit.framework */,
				74498F6528744DF3D21F14AB /* Pods_Fitness_Lab.framework */,
				8E5BC472D30D6D78E02FEA2A /* Pods_Moving.framework */,
				31ACFB802287F17D6AABFAAC /* Pods_MovingTests.framework */,
			);
			name = Frameworks;
			sourceTree = "<group>";
		};
		CF6FBBC4E87CFDB11387E47E /* Pods */ = {
			isa = PBXGroup;
			children = (
				7B0DC18DE223C5FD8DE85563 /* Pods-Moving.debug.xcconfig */,
				250E0FCBE387D7868E3002C3 /* Pods-Moving.release.xcconfig */,
				DBF24AF53A2536B58E1C4A93 /* Pods-MovingTests.debug.xcconfig */,
				5FA0A242737D5157D7D822BF /* Pods-MovingTests.release.xcconfig */,
			);
			name = Pods;
			sourceTree = "<group>";
		};
/* End PBXGroup section */

/* Begin PBXNativeTarget section */
		69D37DEE215257EC00B8F1F9 /* Moving */ = {
			isa = PBXNativeTarget;
			buildConfigurationList = 69D37E01215257EE00B8F1F9 /* Build configuration list for PBXNativeTarget "Moving" */;
			buildPhases = (
				2ABE72E59593CF6ADFB96523 /* [CP] Check Pods Manifest.lock */,
				69D37DEB215257EC00B8F1F9 /* Sources */,
				69D37DEC215257EC00B8F1F9 /* Frameworks */,
				69D37DED215257EC00B8F1F9 /* Resources */,
				69D37E042152595600B8F1F9 /* ShellScript */,
				B5BAF0ECDF105E76722475D2 /* [CP] Embed Pods Frameworks */,
				698C013E216EF241004DC719 /* ShellScript */,
			);
			buildRules = (
			);
			dependencies = (
			);
			name = Moving;
			productName = "Fitness-Lab";
			productReference = 69D37DEF215257EC00B8F1F9 /* Moving.app */;
			productType = "com.apple.product-type.application";
		};
		69E429172188218A00079658 /* MovingTests */ = {
			isa = PBXNativeTarget;
			buildConfigurationList = 69E429212188218A00079658 /* Build configuration list for PBXNativeTarget "MovingTests" */;
			buildPhases = (
				A8F279EB211641DEA944541C /* [CP] Check Pods Manifest.lock */,
				69E429142188218A00079658 /* Sources */,
				69E429152188218A00079658 /* Frameworks */,
				69E429162188218A00079658 /* Resources */,
			);
			buildRules = (
			);
			dependencies = (
				69E4291E2188218A00079658 /* PBXTargetDependency */,
			);
			name = MovingTests;
			productName = MovingTests;
			productReference = 69E429182188218A00079658 /* MovingTests.xctest */;
			productType = "com.apple.product-type.bundle.unit-test";
		};
/* End PBXNativeTarget section */

/* Begin PBXProject section */
		69D37DE7215257EC00B8F1F9 /* Project object */ = {
			isa = PBXProject;
			attributes = {
				LastSwiftUpdateCheck = 1000;
				LastUpgradeCheck = 0940;
				ORGANIZATIONNAME = AliceChang;
				TargetAttributes = {
					69D37DEE215257EC00B8F1F9 = {
						CreatedOnToolsVersion = 9.4.1;
						LastSwiftMigration = 1000;
						SystemCapabilities = {
							com.apple.HealthKit = {
								enabled = 1;
							};
						};
					};
					69E429172188218A00079658 = {
						CreatedOnToolsVersion = 10.0;
						TestTargetID = 69D37DEE215257EC00B8F1F9;
					};
				};
			};
			buildConfigurationList = 69D37DEA215257EC00B8F1F9 /* Build configuration list for PBXProject "Fitness-Lab" */;
			compatibilityVersion = "Xcode 9.3";
			developmentRegion = en;
			hasScannedForEncodings = 0;
			knownRegions = (
				en,
				Base,
			);
			mainGroup = 69D37DE6215257EC00B8F1F9;
			productRefGroup = 69D37DF0215257EC00B8F1F9 /* Products */;
			projectDirPath = "";
			projectRoot = "";
			targets = (
				69D37DEE215257EC00B8F1F9 /* Moving */,
				69E429172188218A00079658 /* MovingTests */,
			);
		};
/* End PBXProject section */

/* Begin PBXResourcesBuildPhase section */
		69D37DED215257EC00B8F1F9 /* Resources */ = {
			isa = PBXResourcesBuildPhase;
			buildActionMask = 2147483647;
			files = (
				693841F22161D4EF0017D2E9 /* SettingSwitchCell.xib in Resources */,
				69255A3521737C57005929AB /* Wate.wav in Resources */,
				69A479562181C4FD00B96208 /* Assets.xcassets in Resources */,
				6917E04C215CE6EF00C0A743 /* Summary1Cell.xib in Resources */,
				6917E052215CE8F800C0A743 /* Summary2Cell.xib in Resources */,
				696A2B5F217576CE0075EFDE /* green_circle.json in Resources */,
				698C0135216E22FC004DC719 /* empty_box.json in Resources */,
				69D2000421610B000086D660 /* SettingCell.xib in Resources */,
				69ED4F08217457DF003B395A /* GoogleService-Info.plist in Resources */,
				69BB97382171CF2B00B2BDEB /* LaunchScreen.storyboard in Resources */,
				69D37DF8215257EC00B8F1F9 /* Main.storyboard in Resources */,
			);
			runOnlyForDeploymentPostprocessing = 0;
		};
		69E429162188218A00079658 /* Resources */ = {
			isa = PBXResourcesBuildPhase;
			buildActionMask = 2147483647;
			files = (
			);
			runOnlyForDeploymentPostprocessing = 0;
		};
/* End PBXResourcesBuildPhase section */

/* Begin PBXShellScriptBuildPhase section */
		2ABE72E59593CF6ADFB96523 /* [CP] Check Pods Manifest.lock */ = {
			isa = PBXShellScriptBuildPhase;
			buildActionMask = 2147483647;
			files = (
			);
			inputPaths = (
				"${PODS_PODFILE_DIR_PATH}/Podfile.lock",
				"${PODS_ROOT}/Manifest.lock",
			);
			name = "[CP] Check Pods Manifest.lock";
			outputPaths = (
				"$(DERIVED_FILE_DIR)/Pods-Moving-checkManifestLockResult.txt",
			);
			runOnlyForDeploymentPostprocessing = 0;
			shellPath = /bin/sh;
			shellScript = "diff \"${PODS_PODFILE_DIR_PATH}/Podfile.lock\" \"${PODS_ROOT}/Manifest.lock\" > /dev/null\nif [ $? != 0 ] ; then\n    # print error to STDERR\n    echo \"error: The sandbox is not in sync with the Podfile.lock. Run 'pod install' or update your CocoaPods installation.\" >&2\n    exit 1\nfi\n# This output is used by Xcode 'outputs' to avoid re-running this script phase.\necho \"SUCCESS\" > \"${SCRIPT_OUTPUT_FILE_0}\"\n";
			showEnvVarsInLog = 0;
		};
		698C013E216EF241004DC719 /* ShellScript */ = {
			isa = PBXShellScriptBuildPhase;
			buildActionMask = 2147483647;
			files = (
			);
			inputPaths = (
				"$(BUILT_PRODUCTS_DIR)/$(INFOPLIST_PATH)",
			);
			outputPaths = (
			);
			runOnlyForDeploymentPostprocessing = 0;
			shellPath = /bin/sh;
			shellScript = "# Type a script or drag a script file from your workspace to insert its path.\n\"${PODS_ROOT}/Fabric/run\" 8805b5b0ebbb5b6a12b12c2b41dab83c47d7e3d4 6e8b64e6225917117f94fd9f70df51609b8370f1faf009995f41b87db322986c\n\n";
		};
		69D37E042152595600B8F1F9 /* ShellScript */ = {
			isa = PBXShellScriptBuildPhase;
			buildActionMask = 2147483647;
			files = (
			);
			inputPaths = (
			);
			outputPaths = (
			);
			runOnlyForDeploymentPostprocessing = 0;
			shellPath = /bin/sh;
			shellScript = "\"${PODS_ROOT}/SwiftLint/swiftlint\"\n";
		};
		A8F279EB211641DEA944541C /* [CP] Check Pods Manifest.lock */ = {
			isa = PBXShellScriptBuildPhase;
			buildActionMask = 2147483647;
			files = (
			);
			inputPaths = (
				"${PODS_PODFILE_DIR_PATH}/Podfile.lock",
				"${PODS_ROOT}/Manifest.lock",
			);
			name = "[CP] Check Pods Manifest.lock";
			outputPaths = (
				"$(DERIVED_FILE_DIR)/Pods-MovingTests-checkManifestLockResult.txt",
			);
			runOnlyForDeploymentPostprocessing = 0;
			shellPath = /bin/sh;
			shellScript = "diff \"${PODS_PODFILE_DIR_PATH}/Podfile.lock\" \"${PODS_ROOT}/Manifest.lock\" > /dev/null\nif [ $? != 0 ] ; then\n    # print error to STDERR\n    echo \"error: The sandbox is not in sync with the Podfile.lock. Run 'pod install' or update your CocoaPods installation.\" >&2\n    exit 1\nfi\n# This output is used by Xcode 'outputs' to avoid re-running this script phase.\necho \"SUCCESS\" > \"${SCRIPT_OUTPUT_FILE_0}\"\n";
			showEnvVarsInLog = 0;
		};
		B5BAF0ECDF105E76722475D2 /* [CP] Embed Pods Frameworks */ = {
			isa = PBXShellScriptBuildPhase;
			buildActionMask = 2147483647;
			files = (
			);
			inputPaths = (
				"${SRCROOT}/Pods/Target Support Files/Pods-Moving/Pods-Moving-frameworks.sh",
				"${BUILT_PRODUCTS_DIR}/GoogleUtilities/GoogleUtilities.framework",
				"${BUILT_PRODUCTS_DIR}/IQKeyboardManagerSwift/IQKeyboardManagerSwift.framework",
				"${BUILT_PRODUCTS_DIR}/Realm/Realm.framework",
				"${BUILT_PRODUCTS_DIR}/RealmSwift/RealmSwift.framework",
				"${BUILT_PRODUCTS_DIR}/YouTubePlayer-Swift/YouTubePlayer_Swift.framework",
				"${BUILT_PRODUCTS_DIR}/lottie-ios/Lottie.framework",
				"${BUILT_PRODUCTS_DIR}/nanopb/nanopb.framework",
			);
			name = "[CP] Embed Pods Frameworks";
			outputPaths = (
				"${TARGET_BUILD_DIR}/${FRAMEWORKS_FOLDER_PATH}/GoogleUtilities.framework",
				"${TARGET_BUILD_DIR}/${FRAMEWORKS_FOLDER_PATH}/IQKeyboardManagerSwift.framework",
				"${TARGET_BUILD_DIR}/${FRAMEWORKS_FOLDER_PATH}/Realm.framework",
				"${TARGET_BUILD_DIR}/${FRAMEWORKS_FOLDER_PATH}/RealmSwift.framework",
				"${TARGET_BUILD_DIR}/${FRAMEWORKS_FOLDER_PATH}/YouTubePlayer_Swift.framework",
				"${TARGET_BUILD_DIR}/${FRAMEWORKS_FOLDER_PATH}/Lottie.framework",
				"${TARGET_BUILD_DIR}/${FRAMEWORKS_FOLDER_PATH}/nanopb.framework",
			);
			runOnlyForDeploymentPostprocessing = 0;
			shellPath = /bin/sh;
			shellScript = "\"${SRCROOT}/Pods/Target Support Files/Pods-Moving/Pods-Moving-frameworks.sh\"\n";
			showEnvVarsInLog = 0;
		};
/* End PBXShellScriptBuildPhase section */

/* Begin PBXSourcesBuildPhase section */
		69D37DEB215257EC00B8F1F9 /* Sources */ = {
			isa = PBXSourcesBuildPhase;
			buildActionMask = 2147483647;
			files = (
				69256152215375B800531F5B /* ListVC.swift in Sources */,
				694776D321534CC400141CB7 /* FitnessCell.swift in Sources */,
				693841F12161D4EF0017D2E9 /* SettingSwitchCell.swift in Sources */,
				69487C7F218AA02C00155836 /* NotificationAuthProtocol.swift in Sources */,
				69A47955218072D700B96208 /* UITableVie+Extension.swift in Sources */,
				69A47953217F09EE00B96208 /* UIViewController+Extension.swift in Sources */,
				696265DC2154B22600C68282 /* ActionModel.swift in Sources */,
				698C013B216EE67C004DC719 /* GAManager.swift in Sources */,
				694776DE2153540E00141CB7 /* Database.swift in Sources */,
				69D48FC32154F76E00B92B85 /* ActionVC.swift in Sources */,
				69D37DF5215257EC00B8F1F9 /* FitnessVC.swift in Sources */,
				691152D821905534002EB6AA /* ListCellModel.swift in Sources */,
				6917E037215B826C00C0A743 /* SummaryVC.swift in Sources */,
				69D2000021610AE40086D660 /* SettingVC.swift in Sources */,
				691152E021907130002EB6AA /* SettingCellModel.swift in Sources */,
				696A2B652175DBEA0075EFDE /* BeforeNotificationVC.swift in Sources */,
				6917E044215C837C00C0A743 /* SummaryModel.swift in Sources */,
				69D37DF3215257EC00B8F1F9 /* AppDelegate.swift in Sources */,
				69ED2E6F21551EE1003490E7 /* ActionCell.swift in Sources */,
				69BB972C2170DCAA00B2BDEB /* InformationVC.swift in Sources */,
				691152E32190794F002EB6AA /* SettingSwitchCellModel.swift in Sources */,
				6917E03C215BAD3A00C0A743 /* ScoreVC.swift in Sources */,
				695E1F03215DFD70003B297E /* FitnessNavigationController.swift in Sources */,
				69D2000321610B000086D660 /* SettingCell.swift in Sources */,
				6917E03F215BB41800C0A743 /* ScoreCell.swift in Sources */,
				694776DC2153519B00141CB7 /* FitnessCategory.swift in Sources */,
				6917E046215CE27400C0A743 /* RealmService.swift in Sources */,
				6941AF89216364C700A0D0B8 /* UIView+Extension.swift in Sources */,
				693841F42161D7FD0017D2E9 /* SettingSwitchModel.swift in Sources */,
				69D4AA5E2186EBF300A3F0E9 /* FullScreenViewController.swift in Sources */,
				6917E041215BB55400C0A743 /* ScoreModel.swift in Sources */,
				6917E04B215CE6EF00C0A743 /* Summary1Cell.swift in Sources */,
				6917E051215CE8F800C0A743 /* Summary2Cell.swift in Sources */,
				691152DE21906E3A002EB6AA /* ScoreCellModel.swift in Sources */,
				696A2B62217580120075EFDE /* Reachability.m in Sources */,
				69D2000721610B2F0086D660 /* SettingModel.swift in Sources */,
				696265D821538EA200C68282 /* ListCell.swift in Sources */,
				6934D9A22163041B00B48802 /* FitnessCellModel.swift in Sources */,
				692561542153766700531F5B /* TabBarVC.swift in Sources */,
				696265DA21538FD600C68282 /* ListModel.swift in Sources */,
				69C50BA52167184B00215B4E /* CellStatusEnum.swift in Sources */,
				691152DC2190579A002EB6AA /* ActionCellModel.swift in Sources */,
				69EF81D7216227A200AB3591 /* NotificationVC.swift in Sources */,
				694F2BEF218AB58C0010D787 /* SwipeGestureProtocol.swift in Sources */,
			);
			runOnlyForDeploymentPostprocessing = 0;
		};
		69E429142188218A00079658 /* Sources */ = {
			isa = PBXSourcesBuildPhase;
			buildActionMask = 2147483647;
			files = (
				69BF38892189611E009BDD3C /* ScoreModeltest.swift in Sources */,
				69BF38882189611E009BDD3C /* SettingSwitchModeltest.swift in Sources */,
				69BF388A2189611E009BDD3C /* ListModeltest.swift in Sources */,
				69BF38862189611E009BDD3C /* SettingModeltest.swift in Sources */,
				69BF387F21896103009BDD3C /* FitnessCategorytest.swift in Sources */,
				69BF388021896103009BDD3C /* ActionModeltest.swift in Sources */,
			);
			runOnlyForDeploymentPostprocessing = 0;
		};
/* End PBXSourcesBuildPhase section */

/* Begin PBXTargetDependency section */
		69E4291E2188218A00079658 /* PBXTargetDependency */ = {
			isa = PBXTargetDependency;
			target = 69D37DEE215257EC00B8F1F9 /* Moving */;
			targetProxy = 69E4291D2188218A00079658 /* PBXContainerItemProxy */;
		};
/* End PBXTargetDependency section */

/* Begin PBXVariantGroup section */
		69D37DF6215257EC00B8F1F9 /* Main.storyboard */ = {
			isa = PBXVariantGroup;
			children = (
				69D37DF7215257EC00B8F1F9 /* Base */,
			);
			name = Main.storyboard;
			sourceTree = "<group>";
		};
/* End PBXVariantGroup section */

/* Begin XCBuildConfiguration section */
		69D37DFF215257EE00B8F1F9 /* Debug */ = {
			isa = XCBuildConfiguration;
			buildSettings = {
				ALWAYS_SEARCH_USER_PATHS = NO;
				CLANG_ANALYZER_NONNULL = YES;
				CLANG_ANALYZER_NUMBER_OBJECT_CONVERSION = YES_AGGRESSIVE;
				CLANG_CXX_LANGUAGE_STANDARD = "gnu++14";
				CLANG_CXX_LIBRARY = "libc++";
				CLANG_ENABLE_MODULES = YES;
				CLANG_ENABLE_OBJC_ARC = YES;
				CLANG_ENABLE_OBJC_WEAK = YES;
				CLANG_WARN_BLOCK_CAPTURE_AUTORELEASING = YES;
				CLANG_WARN_BOOL_CONVERSION = YES;
				CLANG_WARN_COMMA = YES;
				CLANG_WARN_CONSTANT_CONVERSION = YES;
				CLANG_WARN_DEPRECATED_OBJC_IMPLEMENTATIONS = YES;
				CLANG_WARN_DIRECT_OBJC_ISA_USAGE = YES_ERROR;
				CLANG_WARN_DOCUMENTATION_COMMENTS = YES;
				CLANG_WARN_EMPTY_BODY = YES;
				CLANG_WARN_ENUM_CONVERSION = YES;
				CLANG_WARN_INFINITE_RECURSION = YES;
				CLANG_WARN_INT_CONVERSION = YES;
				CLANG_WARN_NON_LITERAL_NULL_CONVERSION = YES;
				CLANG_WARN_OBJC_IMPLICIT_RETAIN_SELF = YES;
				CLANG_WARN_OBJC_LITERAL_CONVERSION = YES;
				CLANG_WARN_OBJC_ROOT_CLASS = YES_ERROR;
				CLANG_WARN_RANGE_LOOP_ANALYSIS = YES;
				CLANG_WARN_STRICT_PROTOTYPES = YES;
				CLANG_WARN_SUSPICIOUS_MOVE = YES;
				CLANG_WARN_UNGUARDED_AVAILABILITY = YES_AGGRESSIVE;
				CLANG_WARN_UNREACHABLE_CODE = YES;
				CLANG_WARN__DUPLICATE_METHOD_MATCH = YES;
				CODE_SIGN_IDENTITY = "iPhone Developer";
				COPY_PHASE_STRIP = NO;
				DEBUG_INFORMATION_FORMAT = dwarf;
				ENABLE_STRICT_OBJC_MSGSEND = YES;
				ENABLE_TESTABILITY = YES;
				GCC_C_LANGUAGE_STANDARD = gnu11;
				GCC_DYNAMIC_NO_PIC = NO;
				GCC_NO_COMMON_BLOCKS = YES;
				GCC_OPTIMIZATION_LEVEL = 0;
				GCC_PREPROCESSOR_DEFINITIONS = (
					"DEBUG=1",
					"$(inherited)",
				);
				GCC_WARN_64_TO_32_BIT_CONVERSION = YES;
				GCC_WARN_ABOUT_RETURN_TYPE = YES_ERROR;
				GCC_WARN_UNDECLARED_SELECTOR = YES;
				GCC_WARN_UNINITIALIZED_AUTOS = YES_AGGRESSIVE;
				GCC_WARN_UNUSED_FUNCTION = YES;
				GCC_WARN_UNUSED_VARIABLE = YES;
				IPHONEOS_DEPLOYMENT_TARGET = 11.4;
				MTL_ENABLE_DEBUG_INFO = YES;
				ONLY_ACTIVE_ARCH = YES;
				SDKROOT = iphoneos;
				SWIFT_ACTIVE_COMPILATION_CONDITIONS = DEBUG;
				SWIFT_OPTIMIZATION_LEVEL = "-Onone";
			};
			name = Debug;
		};
		69D37E00215257EE00B8F1F9 /* Release */ = {
			isa = XCBuildConfiguration;
			buildSettings = {
				ALWAYS_SEARCH_USER_PATHS = NO;
				CLANG_ANALYZER_NONNULL = YES;
				CLANG_ANALYZER_NUMBER_OBJECT_CONVERSION = YES_AGGRESSIVE;
				CLANG_CXX_LANGUAGE_STANDARD = "gnu++14";
				CLANG_CXX_LIBRARY = "libc++";
				CLANG_ENABLE_MODULES = YES;
				CLANG_ENABLE_OBJC_ARC = YES;
				CLANG_ENABLE_OBJC_WEAK = YES;
				CLANG_WARN_BLOCK_CAPTURE_AUTORELEASING = YES;
				CLANG_WARN_BOOL_CONVERSION = YES;
				CLANG_WARN_COMMA = YES;
				CLANG_WARN_CONSTANT_CONVERSION = YES;
				CLANG_WARN_DEPRECATED_OBJC_IMPLEMENTATIONS = YES;
				CLANG_WARN_DIRECT_OBJC_ISA_USAGE = YES_ERROR;
				CLANG_WARN_DOCUMENTATION_COMMENTS = YES;
				CLANG_WARN_EMPTY_BODY = YES;
				CLANG_WARN_ENUM_CONVERSION = YES;
				CLANG_WARN_INFINITE_RECURSION = YES;
				CLANG_WARN_INT_CONVERSION = YES;
				CLANG_WARN_NON_LITERAL_NULL_CONVERSION = YES;
				CLANG_WARN_OBJC_IMPLICIT_RETAIN_SELF = YES;
				CLANG_WARN_OBJC_LITERAL_CONVERSION = YES;
				CLANG_WARN_OBJC_ROOT_CLASS = YES_ERROR;
				CLANG_WARN_RANGE_LOOP_ANALYSIS = YES;
				CLANG_WARN_STRICT_PROTOTYPES = YES;
				CLANG_WARN_SUSPICIOUS_MOVE = YES;
				CLANG_WARN_UNGUARDED_AVAILABILITY = YES_AGGRESSIVE;
				CLANG_WARN_UNREACHABLE_CODE = YES;
				CLANG_WARN__DUPLICATE_METHOD_MATCH = YES;
				CODE_SIGN_IDENTITY = "iPhone Developer";
				COPY_PHASE_STRIP = NO;
				DEBUG_INFORMATION_FORMAT = "dwarf-with-dsym";
				ENABLE_NS_ASSERTIONS = NO;
				ENABLE_STRICT_OBJC_MSGSEND = YES;
				GCC_C_LANGUAGE_STANDARD = gnu11;
				GCC_NO_COMMON_BLOCKS = YES;
				GCC_WARN_64_TO_32_BIT_CONVERSION = YES;
				GCC_WARN_ABOUT_RETURN_TYPE = YES_ERROR;
				GCC_WARN_UNDECLARED_SELECTOR = YES;
				GCC_WARN_UNINITIALIZED_AUTOS = YES_AGGRESSIVE;
				GCC_WARN_UNUSED_FUNCTION = YES;
				GCC_WARN_UNUSED_VARIABLE = YES;
				IPHONEOS_DEPLOYMENT_TARGET = 11.4;
				MTL_ENABLE_DEBUG_INFO = NO;
				SDKROOT = iphoneos;
				SWIFT_COMPILATION_MODE = wholemodule;
				SWIFT_OPTIMIZATION_LEVEL = "-O";
				VALIDATE_PRODUCT = YES;
			};
			name = Release;
		};
		69D37E02215257EE00B8F1F9 /* Debug */ = {
			isa = XCBuildConfiguration;
			baseConfigurationReference = 7B0DC18DE223C5FD8DE85563 /* Pods-Moving.debug.xcconfig */;
			buildSettings = {
				ASSETCATALOG_COMPILER_APPICON_NAME = AppIcon;
				CLANG_ENABLE_MODULES = YES;
				CODE_SIGN_ENTITLEMENTS = Moving.entitlements;
				CODE_SIGN_STYLE = Automatic;
				DEBUG_INFORMATION_FORMAT = "dwarf-with-dsym";
				DEVELOPMENT_TEAM = CHZWYBA9N7;
				INFOPLIST_FILE = "Fitness-Lab/Info.plist";
				IPHONEOS_DEPLOYMENT_TARGET = 11.4;
				LD_RUNPATH_SEARCH_PATHS = (
					"$(inherited)",
					"@executable_path/Frameworks",
				);
				OTHER_LDFLAGS = (
					"$(inherited)",
					"-ObjC",
					"-l\"GoogleAnalytics\"",
					"-l\"c++\"",
					"-l\"sqlite3\"",
					"-l\"z\"",
					"-framework",
					"\"CoreData\"",
					"-framework",
					"\"Crashlytics\"",
					"-framework",
					"\"FIRAnalyticsConnector\"",
					"-framework",
					"\"Fabric\"",
					"-framework",
					"\"FirebaseAnalytics\"",
					"-framework",
					"\"FirebaseCore\"",
					"-framework",
					"\"FirebaseCoreDiagnostics\"",
					"-framework",
					"\"FirebaseInstanceID\"",
					"-framework",
					"\"Foundation\"",
					"-framework",
					"\"GoogleAppMeasurement\"",
					"-framework",
					"\"GoogleUtilities\"",
					"-framework",
					"\"IQKeyboardManagerSwift\"",
					"-framework",
					"\"Lottie\"",
					"-framework",
					"\"Realm\"",
					"-framework",
					"\"RealmSwift\"",
					"-framework",
					"\"Security\"",
					"-framework",
					"\"StoreKit\"",
					"-framework",
					"\"SystemConfiguration\"",
					"-framework",
					"\"UIKit\"",
					"-framework",
					"\"YouTubePlayer_Swift\"",
					"-framework",
					"\"nanopb\"",
				);
				PRODUCT_BUNDLE_IDENTIFIER = com.AliceChang.Moving;
				PRODUCT_NAME = "$(TARGET_NAME)";
				SWIFT_OBJC_BRIDGING_HEADER = "Fitness-Lab/Reachability/Moving-Bridging-Header.h";
				"SWIFT_OBJC_BRIDGING_HEADER[arch=*]" = "/Users/zhangshuhan/Desktop/Fitness/Fitness-Lab/Fitness-Lab/Fitness-Lab/Header.h";
				SWIFT_OPTIMIZATION_LEVEL = "-Onone";
				SWIFT_VERSION = 4.2;
				TARGETED_DEVICE_FAMILY = "1,2";
			};
			name = Debug;
		};
		69D37E03215257EE00B8F1F9 /* Release */ = {
			isa = XCBuildConfiguration;
			baseConfigurationReference = 250E0FCBE387D7868E3002C3 /* Pods-Moving.release.xcconfig */;
			buildSettings = {
				ASSETCATALOG_COMPILER_APPICON_NAME = AppIcon;
				CLANG_ENABLE_MODULES = YES;
				CODE_SIGN_ENTITLEMENTS = Moving.entitlements;
				CODE_SIGN_STYLE = Automatic;
				DEBUG_INFORMATION_FORMAT = "dwarf-with-dsym";
				DEVELOPMENT_TEAM = CHZWYBA9N7;
				INFOPLIST_FILE = "Fitness-Lab/Info.plist";
				IPHONEOS_DEPLOYMENT_TARGET = 11.4;
				LD_RUNPATH_SEARCH_PATHS = (
					"$(inherited)",
					"@executable_path/Frameworks",
				);
				OTHER_LDFLAGS = (
					"$(inherited)",
					"-ObjC",
					"-l\"GoogleAnalytics\"",
					"-l\"c++\"",
					"-l\"sqlite3\"",
					"-l\"z\"",
					"-framework",
					"\"CoreData\"",
					"-framework",
					"\"Crashlytics\"",
					"-framework",
					"\"FIRAnalyticsConnector\"",
					"-framework",
					"\"Fabric\"",
					"-framework",
					"\"FirebaseAnalytics\"",
					"-framework",
					"\"FirebaseCore\"",
					"-framework",
					"\"FirebaseCoreDiagnostics\"",
					"-framework",
					"\"FirebaseInstanceID\"",
					"-framework",
					"\"Foundation\"",
					"-framework",
					"\"GoogleAppMeasurement\"",
					"-framework",
					"\"GoogleUtilities\"",
					"-framework",
					"\"IQKeyboardManagerSwift\"",
					"-framework",
					"\"Lottie\"",
					"-framework",
					"\"Realm\"",
					"-framework",
					"\"RealmSwift\"",
					"-framework",
					"\"Security\"",
					"-framework",
					"\"StoreKit\"",
					"-framework",
					"\"SystemConfiguration\"",
					"-framework",
					"\"UIKit\"",
					"-framework",
					"\"YouTubePlayer_Swift\"",
					"-framework",
					"\"nanopb\"",
				);
				PRODUCT_BUNDLE_IDENTIFIER = com.AliceChang.Moving;
				PRODUCT_NAME = "$(TARGET_NAME)";
				SWIFT_OBJC_BRIDGING_HEADER = "Fitness-Lab/Reachability/Moving-Bridging-Header.h";
				"SWIFT_OBJC_BRIDGING_HEADER[arch=*]" = "/Users/zhangshuhan/Desktop/Fitness/Fitness-Lab/Fitness-Lab/Fitness-Lab/Header.h";
				SWIFT_VERSION = 4.2;
				TARGETED_DEVICE_FAMILY = "1,2";
			};
			name = Release;
		};
		69E4291F2188218A00079658 /* Debug */ = {
			isa = XCBuildConfiguration;
			baseConfigurationReference = DBF24AF53A2536B58E1C4A93 /* Pods-MovingTests.debug.xcconfig */;
			buildSettings = {
				BUNDLE_LOADER = "$(TEST_HOST)";
				CODE_SIGN_STYLE = Automatic;
				DEVELOPMENT_TEAM = CHZWYBA9N7;
				INFOPLIST_FILE = MovingTests/Info.plist;
				IPHONEOS_DEPLOYMENT_TARGET = 12.0;
				LD_RUNPATH_SEARCH_PATHS = (
					"$(inherited)",
					"@executable_path/Frameworks",
					"@loader_path/Frameworks",
				);
				MTL_ENABLE_DEBUG_INFO = INCLUDE_SOURCE;
				MTL_FAST_MATH = YES;
				PRODUCT_BUNDLE_IDENTIFIER = com.AliceChang.MovingTests;
				PRODUCT_NAME = "$(TARGET_NAME)";
				SWIFT_VERSION = 4.2;
				TARGETED_DEVICE_FAMILY = "1,2";
				TEST_HOST = "$(BUILT_PRODUCTS_DIR)/Moving.app/Moving";
			};
			name = Debug;
		};
		69E429202188218A00079658 /* Release */ = {
			isa = XCBuildConfiguration;
			baseConfigurationReference = 5FA0A242737D5157D7D822BF /* Pods-MovingTests.release.xcconfig */;
			buildSettings = {
				BUNDLE_LOADER = "$(TEST_HOST)";
				CODE_SIGN_STYLE = Automatic;
				DEVELOPMENT_TEAM = CHZWYBA9N7;
				INFOPLIST_FILE = MovingTests/Info.plist;
				IPHONEOS_DEPLOYMENT_TARGET = 12.0;
				LD_RUNPATH_SEARCH_PATHS = (
					"$(inherited)",
					"@executable_path/Frameworks",
					"@loader_path/Frameworks",
				);
				MTL_FAST_MATH = YES;
				PRODUCT_BUNDLE_IDENTIFIER = com.AliceChang.MovingTests;
				PRODUCT_NAME = "$(TARGET_NAME)";
				SWIFT_VERSION = 4.2;
				TARGETED_DEVICE_FAMILY = "1,2";
				TEST_HOST = "$(BUILT_PRODUCTS_DIR)/Moving.app/Moving";
			};
			name = Release;
		};
/* End XCBuildConfiguration section */

/* Begin XCConfigurationList section */
		69D37DEA215257EC00B8F1F9 /* Build configuration list for PBXProject "Fitness-Lab" */ = {
			isa = XCConfigurationList;
			buildConfigurations = (
				69D37DFF215257EE00B8F1F9 /* Debug */,
				69D37E00215257EE00B8F1F9 /* Release */,
			);
			defaultConfigurationIsVisible = 0;
			defaultConfigurationName = Release;
		};
		69D37E01215257EE00B8F1F9 /* Build configuration list for PBXNativeTarget "Moving" */ = {
			isa = XCConfigurationList;
			buildConfigurations = (
				69D37E02215257EE00B8F1F9 /* Debug */,
				69D37E03215257EE00B8F1F9 /* Release */,
			);
			defaultConfigurationIsVisible = 0;
			defaultConfigurationName = Release;
		};
		69E429212188218A00079658 /* Build configuration list for PBXNativeTarget "MovingTests" */ = {
			isa = XCConfigurationList;
			buildConfigurations = (
				69E4291F2188218A00079658 /* Debug */,
				69E429202188218A00079658 /* Release */,
			);
			defaultConfigurationIsVisible = 0;
			defaultConfigurationName = Release;
		};
/* End XCConfigurationList section */
	};
	rootObject = 69D37DE7215257EC00B8F1F9 /* Project object */;
}
